
Microsoft Visual Studio Solution File, Format Version 12.00
# Visual Studio 15
VisualStudioVersion = 15.0.28010.2046
MinimumVisualStudioVersion = 10.0.40219.1
Project("{FAE04EC0-301F-11D3-BF4B-00C04F79EFBC}") = "ProblemSolvingModelsQuestion4", "ProblemSolvingModelsQuestion4\ProblemSolvingModelsQuestion4.csproj", "{2D074475-2DFA-4E52-A419-B19FAABCEBAE}"
EndProject
Global
	GlobalSection(SolutionConfigurationPlatforms) = preSolution
		Debug|Any CPU = Debug|Any CPU
		Release|Any CPU = Release|Any CPU
	EndGlobalSection
	GlobalSection(ProjectConfigurationPlatforms) = postSolution
		{2D074475-2DFA-4E52-A419-B19FAABCEBAE}.Debug|Any CPU.ActiveCfg = Debug|Any CPU
		{2D074475-2DFA-4E52-A419-B19FAABCEBAE}.Debug|Any CPU.Build.0 = Debug|Any CPU
		{2D074475-2DFA-4E52-A419-B19FAABCEBAE}.Release|Any CPU.ActiveCfg = Release|Any CPU
		{2D074475-2DFA-4E52-A419-B19FAABCEBAE}.Release|Any CPU.Build.0 = Release|Any CPU
	EndGlobalSection
	GlobalSection(SolutionProperties) = preSolution
		HideSolutionNode = FALSE
	EndGlobalSection
	GlobalSection(ExtensibilityGlobals) = postSolution
		SolutionGuid = {B94CBAC0-3BC6-48F7-89EB-8D83F6C6D62A}
	EndGlobalSection
EndGlobal
